
Microsoft Visual Studio Solution File, Format Version 12.00
# Visual Studio Version 16
VisualStudioVersion = 16.0.32228.343
MinimumVisualStudioVersion = 10.0.40219.1
Project("{FAE04EC0-301F-11D3-BF4B-00C04F79EFBC}") = "Strings and Dates", "Strings and Dates.csproj", "{FDCBAE2C-C2FF-423A-A9FF-0533DAB70002}"
EndProject
Global
	GlobalSection(SolutionConfigurationPlatforms) = preSolution
		Debug|Any CPU = Debug|Any CPU
		Release|Any CPU = Release|Any CPU
	EndGlobalSection
	GlobalSection(ProjectConfigurationPlatforms) = postSolution
		{FDCBAE2C-C2FF-423A-A9FF-0533DAB70002}.Debug|Any CPU.ActiveCfg = Debug|Any CPU
		{FDCBAE2C-C2FF-423A-A9FF-0533DAB70002}.Debug|Any CPU.Build.0 = Debug|Any CPU
		{FDCBAE2C-C2FF-423A-A9FF-0533DAB70002}.Release|Any CPU.ActiveCfg = Release|Any CPU
		{FDCBAE2C-C2FF-423A-A9FF-0533DAB70002}.Release|Any CPU.Build.0 = Release|Any CPU
	EndGlobalSection
	GlobalSection(SolutionProperties) = preSolution
		HideSolutionNode = FALSE
	EndGlobalSection
	GlobalSection(ExtensibilityGlobals) = postSolution
		SolutionGuid = {A2EB52F2-12C3-49AA-A6E4-B909A0ADEC05}
	EndGlobalSection
EndGlobal
